
Microsoft Visual Studio Solution File, Format Version 12.00
# Visual Studio Version 17
VisualStudioVersion = 17.11.35303.130
MinimumVisualStudioVersion = 10.0.40219.1
Project("{FAE04EC0-301F-11D3-BF4B-00C04F79EFBC}") = "AdminWebApp.Server", "AdminWebApp.Server\AdminWebApp.Server.csproj", "{08ECF63F-5BB9-41CF-8E4E-EF9E83B609DF}"
EndProject
Project("{54A90642-561A-4BB1-A94E-469ADEE60C69}") = "adminwebapp.client", "adminwebapp.client\adminwebapp.client.esproj", "{69AB8C57-0FB5-4093-BA83-D39485D5AED9}"
EndProject
Global
	GlobalSection(SolutionConfigurationPlatforms) = preSolution
		Debug|Any CPU = Debug|Any CPU
		Release|Any CPU = Release|Any CPU
	EndGlobalSection
	GlobalSection(ProjectConfigurationPlatforms) = postSolution
		{08ECF63F-5BB9-41CF-8E4E-EF9E83B609DF}.Debug|Any CPU.ActiveCfg = Debug|Any CPU
		{08ECF63F-5BB9-41CF-8E4E-EF9E83B609DF}.Debug|Any CPU.Build.0 = Debug|Any CPU
		{08ECF63F-5BB9-41CF-8E4E-EF9E83B609DF}.Release|Any CPU.ActiveCfg = Release|Any CPU
		{08ECF63F-5BB9-41CF-8E4E-EF9E83B609DF}.Release|Any CPU.Build.0 = Release|Any CPU
		{69AB8C57-0FB5-4093-BA83-D39485D5AED9}.Debug|Any CPU.ActiveCfg = Debug|Any CPU
		{69AB8C57-0FB5-4093-BA83-D39485D5AED9}.Debug|Any CPU.Build.0 = Debug|Any CPU
		{69AB8C57-0FB5-4093-BA83-D39485D5AED9}.Debug|Any CPU.Deploy.0 = Debug|Any CPU
		{69AB8C57-0FB5-4093-BA83-D39485D5AED9}.Release|Any CPU.ActiveCfg = Release|Any CPU
		{69AB8C57-0FB5-4093-BA83-D39485D5AED9}.Release|Any CPU.Build.0 = Release|Any CPU
		{69AB8C57-0FB5-4093-BA83-D39485D5AED9}.Release|Any CPU.Deploy.0 = Release|Any CPU
	EndGlobalSection
	GlobalSection(SolutionProperties) = preSolution
		HideSolutionNode = FALSE
	EndGlobalSection
	GlobalSection(ExtensibilityGlobals) = postSolution
		SolutionGuid = {F36AD8A4-E05A-40D8-8A00-16D18D45B72D}
	EndGlobalSection
EndGlobal
